
Microsoft Visual Studio Solution File, Format Version 12.00
# Visual Studio Version 17
VisualStudioVersion = 17.0.31710.8
MinimumVisualStudioVersion = 10.0.40219.1
Project("{9A19103F-16F7-4668-BE54-9A1E7A4F7556}") = "SevenZipExtractor", "SevenZipExtractor\SevenZipExtractor.csproj", "{8AA97F58-5044-4BBA-B8D9-A74B6947A660}"
EndProject
Project("{2150E333-8FDC-42A3-9474-1A3956D46DE8}") = "Solution Items", "Solution Items", "{2B48D535-FDC4-4C44-8C66-58A0B5049232}"
	ProjectSection(SolutionItems) = preProject
		.gitignore = .gitignore
		LICENSE = LICENSE
		Pack.ps1 = Pack.ps1
		README.md = README.md
	EndProjectSection
EndProject
Project("{9A19103F-16F7-4668-BE54-9A1E7A4F7556}") = "Example", "Example\Example.csproj", "{EC1020D6-B72C-4626-8CC4-ECB088609C25}"
EndProject
Project("{9A19103F-16F7-4668-BE54-9A1E7A4F7556}") = "SevenZipExtractor.Tests", "SevenZipExtractor.Tests\SevenZipExtractor.Tests.csproj", "{F6E5DBA6-4E6D-428D-BF91-1BC9DFEC1FA9}"
EndProject
Global
	GlobalSection(SolutionConfigurationPlatforms) = preSolution
		Debug|Any CPU = Debug|Any CPU
		Debug|x64 = Debug|x64
		Debug|x86 = Debug|x86
		Release|Any CPU = Release|Any CPU
		Release|x64 = Release|x64
		Release|x86 = Release|x86
	EndGlobalSection
	GlobalSection(ProjectConfigurationPlatforms) = postSolution
		{8AA97F58-5044-4BBA-B8D9-A74B6947A660}.Debug|Any CPU.ActiveCfg = Debug|Any CPU
		{8AA97F58-5044-4BBA-B8D9-A74B6947A660}.Debug|Any CPU.Build.0 = Debug|Any CPU
		{8AA97F58-5044-4BBA-B8D9-A74B6947A660}.Debug|x64.ActiveCfg = Debug|Any CPU
		{8AA97F58-5044-4BBA-B8D9-A74B6947A660}.Debug|x64.Build.0 = Debug|Any CPU
		{8AA97F58-5044-4BBA-B8D9-A74B6947A660}.Debug|x86.ActiveCfg = Debug|Any CPU
		{8AA97F58-5044-4BBA-B8D9-A74B6947A660}.Debug|x86.Build.0 = Debug|Any CPU
		{8AA97F58-5044-4BBA-B8D9-A74B6947A660}.Release|Any CPU.ActiveCfg = Release|Any CPU
		{8AA97F58-5044-4BBA-B8D9-A74B6947A660}.Release|Any CPU.Build.0 = Release|Any CPU
		{8AA97F58-5044-4BBA-B8D9-A74B6947A660}.Release|x64.ActiveCfg = Release|Any CPU
		{8AA97F58-5044-4BBA-B8D9-A74B6947A660}.Release|x64.Build.0 = Release|Any CPU
		{8AA97F58-5044-4BBA-B8D9-A74B6947A660}.Release|x86.ActiveCfg = Release|Any CPU
		{8AA97F58-5044-4BBA-B8D9-A74B6947A660}.Release|x86.Build.0 = Release|Any CPU
		{EC1020D6-B72C-4626-8CC4-ECB088609C25}.Debug|Any CPU.ActiveCfg = Debug|Any CPU
		{EC1020D6-B72C-4626-8CC4-ECB088609C25}.Debug|Any CPU.Build.0 = Debug|Any CPU
		{EC1020D6-B72C-4626-8CC4-ECB088609C25}.Debug|x64.ActiveCfg = Debug|Any CPU
		{EC1020D6-B72C-4626-8CC4-ECB088609C25}.Debug|x64.Build.0 = Debug|Any CPU
		{EC1020D6-B72C-4626-8CC4-ECB088609C25}.Debug|x86.ActiveCfg = Debug|Any CPU
		{EC1020D6-B72C-4626-8CC4-ECB088609C25}.Debug|x86.Build.0 = Debug|Any CPU
		{EC1020D6-B72C-4626-8CC4-ECB088609C25}.Release|Any CPU.ActiveCfg = Release|Any CPU
		{EC1020D6-B72C-4626-8CC4-ECB088609C25}.Release|Any CPU.Build.0 = Release|Any CPU
		{EC1020D6-B72C-4626-8CC4-ECB088609C25}.Release|x64.ActiveCfg = Release|Any CPU
		{EC1020D6-B72C-4626-8CC4-ECB088609C25}.Release|x64.Build.0 = Release|Any CPU
		{EC1020D6-B72C-4626-8CC4-ECB088609C25}.Release|x86.ActiveCfg = Release|Any CPU
		{EC1020D6-B72C-4626-8CC4-ECB088609C25}.Release|x86.Build.0 = Release|Any CPU
		{F6E5DBA6-4E6D-428D-BF91-1BC9DFEC1FA9}.Debug|Any CPU.ActiveCfg = Debug|Any CPU
		{F6E5DBA6-4E6D-428D-BF91-1BC9DFEC1FA9}.Debug|Any CPU.Build.0 = Debug|Any CPU
		{F6E5DBA6-4E6D-428D-BF91-1BC9DFEC1FA9}.Debug|x64.ActiveCfg = Debug|x64
		{F6E5DBA6-4E6D-428D-BF91-1BC9DFEC1FA9}.Debug|x64.Build.0 = Debug|x64
		{F6E5DBA6-4E6D-428D-BF91-1BC9DFEC1FA9}.Debug|x86.ActiveCfg = Debug|x86
		{F6E5DBA6-4E6D-428D-BF91-1BC9DFEC1FA9}.Debug|x86.Build.0 = Debug|x86
		{F6E5DBA6-4E6D-428D-BF91-1BC9DFEC1FA9}.Release|Any CPU.ActiveCfg = Release|Any CPU
		{F6E5DBA6-4E6D-428D-BF91-1BC9DFEC1FA9}.Release|Any CPU.Build.0 = Release|Any CPU
		{F6E5DBA6-4E6D-428D-BF91-1BC9DFEC1FA9}.Release|x64.ActiveCfg = Release|x64
		{F6E5DBA6-4E6D-428D-BF91-1BC9DFEC1FA9}.Release|x64.Build.0 = Release|x64
		{F6E5DBA6-4E6D-428D-BF91-1BC9DFEC1FA9}.Release|x86.ActiveCfg = Release|x86
		{F6E5DBA6-4E6D-428D-BF91-1BC9DFEC1FA9}.Release|x86.Build.0 = Release|x86
	EndGlobalSection
	GlobalSection(SolutionProperties) = preSolution
		HideSolutionNode = FALSE
	EndGlobalSection
	GlobalSection(ExtensibilityGlobals) = postSolution
		SolutionGuid = {FA02D714-896D-4F06-A15B-33EA2C628E63}
	EndGlobalSection
EndGlobal
